
Microsoft Visual Studio Solution File, Format Version 12.00
# Visual Studio 15
VisualStudioVersion = 15.0.27428.2043
MinimumVisualStudioVersion = 10.0.40219.1
Project("{FAE04EC0-301F-11D3-BF4B-00C04F79EFBC}") = "Article", "Article\Article.csproj", "{664C7077-7F98-491E-8435-046DD5119C4A}"
EndProject
Project("{FAE04EC0-301F-11D3-BF4B-00C04F79EFBC}") = "PersianUI", "PersianUI\PersianUI.csproj", "{6FDBFCA8-648A-47EC-84DA-CB1F8BC91D2D}"
EndProject
Project("{FAE04EC0-301F-11D3-BF4B-00C04F79EFBC}") = "Connection", "Connection\Connection.csproj", "{5ED564AC-B33A-4A1D-A95B-EB97B4519352}"
EndProject
Global
	GlobalSection(SolutionConfigurationPlatforms) = preSolution
		Debug|Any CPU = Debug|Any CPU
		Release|Any CPU = Release|Any CPU
	EndGlobalSection
	GlobalSection(ProjectConfigurationPlatforms) = postSolution
		{664C7077-7F98-491E-8435-046DD5119C4A}.Debug|Any CPU.ActiveCfg = Debug|Any CPU
		{664C7077-7F98-491E-8435-046DD5119C4A}.Debug|Any CPU.Build.0 = Debug|Any CPU
		{664C7077-7F98-491E-8435-046DD5119C4A}.Release|Any CPU.ActiveCfg = Release|Any CPU
		{664C7077-7F98-491E-8435-046DD5119C4A}.Release|Any CPU.Build.0 = Release|Any CPU
		{6FDBFCA8-648A-47EC-84DA-CB1F8BC91D2D}.Debug|Any CPU.ActiveCfg = Debug|Any CPU
		{6FDBFCA8-648A-47EC-84DA-CB1F8BC91D2D}.Debug|Any CPU.Build.0 = Debug|Any CPU
		{6FDBFCA8-648A-47EC-84DA-CB1F8BC91D2D}.Release|Any CPU.ActiveCfg = Release|Any CPU
		{6FDBFCA8-648A-47EC-84DA-CB1F8BC91D2D}.Release|Any CPU.Build.0 = Release|Any CPU
		{5ED564AC-B33A-4A1D-A95B-EB97B4519352}.Debug|Any CPU.ActiveCfg = Debug|Any CPU
		{5ED564AC-B33A-4A1D-A95B-EB97B4519352}.Debug|Any CPU.Build.0 = Debug|Any CPU
		{5ED564AC-B33A-4A1D-A95B-EB97B4519352}.Release|Any CPU.ActiveCfg = Release|Any CPU
		{5ED564AC-B33A-4A1D-A95B-EB97B4519352}.Release|Any CPU.Build.0 = Release|Any CPU
	EndGlobalSection
	GlobalSection(SolutionProperties) = preSolution
		HideSolutionNode = FALSE
	EndGlobalSection
	GlobalSection(ExtensibilityGlobals) = postSolution
		SolutionGuid = {9D39450F-EAFC-484B-BF8C-1468AA1E7B63}
	EndGlobalSection
EndGlobal
